
Microsoft Visual Studio Solution File, Format Version 12.00
# Visual Studio Version 16
VisualStudioVersion = 25.0.1706.10
MinimumVisualStudioVersion = 10.0.40219.1
Project("{FAE04EC0-301F-11D3-BF4B-00C04F79EFBC}") = "SinusWebShop", "SinusWebShop\SinusWebShop.csproj", "{B7870F61-D7E8-4295-BFEA-FE8E6CEA66C4}"
EndProject
Global
	GlobalSection(SolutionConfigurationPlatforms) = preSolution
		Debug|Any CPU = Debug|Any CPU
		Release|Any CPU = Release|Any CPU
	EndGlobalSection
	GlobalSection(ProjectConfigurationPlatforms) = postSolution
		{B7870F61-D7E8-4295-BFEA-FE8E6CEA66C4}.Debug|Any CPU.ActiveCfg = Debug|Any CPU
		{B7870F61-D7E8-4295-BFEA-FE8E6CEA66C4}.Debug|Any CPU.Build.0 = Debug|Any CPU
		{B7870F61-D7E8-4295-BFEA-FE8E6CEA66C4}.Release|Any CPU.ActiveCfg = Release|Any CPU
		{B7870F61-D7E8-4295-BFEA-FE8E6CEA66C4}.Release|Any CPU.Build.0 = Release|Any CPU
	EndGlobalSection
	GlobalSection(SolutionProperties) = preSolution
		HideSolutionNode = FALSE
	EndGlobalSection
	GlobalSection(ExtensibilityGlobals) = postSolution
		SolutionGuid = {7A7243E7-7BE7-47E1-B658-EBD749A2FE76}
	EndGlobalSection
EndGlobal
